// !$*UTF8*$!
{
	archiveVersion = 1;
	classes = {
	};
	objectVersion = 77;
	objects = {

/* Begin PBXBuildFile section */
		3C4C9AA4D6A237F1A5380A6E /* LockedInWidgets.appex in Embed Foundation Extensions */ = {isa = PBXBuildFile; fileRef = 2C65ACCD541B99C559BC8B01 /* LockedInWidgets.appex */; settings = {ATTRIBUTES = (RemoveHeadersOnCopy, ); }; };
/* End PBXBuildFile section */

/* Begin PBXContainerItemProxy section */
		49A56F7C9FA62A0CA840EA5C /* PBXContainerItemProxy */ = {
			isa = PBXContainerItemProxy;
			containerPortal = 724DBBC3C7CDCF273E77A71E /* Project object */;
			proxyType = 1;
			remoteGlobalIDString = 39D008128917DDBB3B3F86C3;
			remoteInfo = LockedInWidgets;
		};
		8A8DFC7765E4D3A0D5EF74B1 /* PBXContainerItemProxy */ = {
			isa = PBXContainerItemProxy;
			containerPortal = 724DBBC3C7CDCF273E77A71E /* Project object */;
			proxyType = 1;
			remoteGlobalIDString = 5E8C7852A8748C813AB02C9E;
			remoteInfo = LockedIn;
		};
/* End PBXContainerItemProxy section */

/* Begin PBXCopyFilesBuildPhase section */
		A4D705A46455F87B50CCCE5A /* Embed Foundation Extensions */ = {
			isa = PBXCopyFilesBuildPhase;
			buildActionMask = 2147483647;
			dstPath = "";
			dstSubfolderSpec = 13;
			files = (
				3C4C9AA4D6A237F1A5380A6E /* LockedInWidgets.appex in Embed Foundation Extensions */,
			);
			name = "Embed Foundation Extensions";
			runOnlyForDeploymentPostprocessing = 0;
		};
/* End PBXCopyFilesBuildPhase section */

/* Begin PBXFileReference section */
		2C65ACCD541B99C559BC8B01 /* LockedInWidgets.appex */ = {isa = PBXFileReference; includeInIndex = 0; lastKnownFileType = "wrapper.app-extension"; path = LockedInWidgets.appex; sourceTree = BUILT_PRODUCTS_DIR; };
		B2FE7A21EDEC80BEAF18085A /* LockedInTests.xctest */ = {isa = PBXFileReference; includeInIndex = 0; lastKnownFileType = wrapper.cfbundle; path = LockedInTests.xctest; sourceTree = BUILT_PRODUCTS_DIR; };
		C3FE82FEF1E096314DC257B2 /* LockedIn.app */ = {isa = PBXFileReference; includeInIndex = 0; lastKnownFileType = wrapper.application; path = LockedIn.app; sourceTree = BUILT_PRODUCTS_DIR; };
/* End PBXFileReference section */

/* Begin PBXFileSystemSynchronizedRootGroup section */
		0939B280F4D6C9E315490EC3 /* LockedIn */ = {
			isa = PBXFileSystemSynchronizedRootGroup;
			explicitFileTypes = {
			};
			explicitFolders = (
			);
			path = LockedIn;
			sourceTree = "<group>";
		};
		2969AA92A4EC5B5B44EE7CC4 /* Shared */ = {
			isa = PBXFileSystemSynchronizedRootGroup;
			explicitFileTypes = {
			};
			explicitFolders = (
			);
			path = Shared;
			sourceTree = "<group>";
		};
		A088FB1921BF903B050983A5 /* LockedInWidgets */ = {
			isa = PBXFileSystemSynchronizedRootGroup;
			explicitFileTypes = {
			};
			explicitFolders = (
			);
			path = LockedInWidgets;
			sourceTree = "<group>";
		};
		B9B74BF6FAC465EA5BFC4816 /* LockedInTests */ = {
			isa = PBXFileSystemSynchronizedRootGroup;
			explicitFileTypes = {
			};
			explicitFolders = (
			);
			path = LockedInTests;
			sourceTree = "<group>";
		};
/* End PBXFileSystemSynchronizedRootGroup section */

/* Begin PBXGroup section */
		AA05C48F21C3634D9EE98726 = {
			isa = PBXGroup;
			children = (
				0939B280F4D6C9E315490EC3 /* LockedIn */,
				B9B74BF6FAC465EA5BFC4816 /* LockedInTests */,
				A088FB1921BF903B050983A5 /* LockedInWidgets */,
				2969AA92A4EC5B5B44EE7CC4 /* Shared */,
				FCDDA3B8943F5E34802488CF /* Products */,
			);
			sourceTree = "<group>";
		};
		FCDDA3B8943F5E34802488CF /* Products */ = {
			isa = PBXGroup;
			children = (
				C3FE82FEF1E096314DC257B2 /* LockedIn.app */,
				B2FE7A21EDEC80BEAF18085A /* LockedInTests.xctest */,
				2C65ACCD541B99C559BC8B01 /* LockedInWidgets.appex */,
			);
			name = Products;
			sourceTree = "<group>";
		};
/* End PBXGroup section */

/* Begin PBXNativeTarget section */
		39D008128917DDBB3B3F86C3 /* LockedInWidgets */ = {
			isa = PBXNativeTarget;
			buildConfigurationList = 771CA4FA3107AB14EEFDD88A /* Build configuration list for PBXNativeTarget "LockedInWidgets" */;
			buildPhases = (
				B44AEE751254C9D77CA6B49B /* Sources */,
				E44A54316A32BA2A40C04CCD /* Resources */,
			);
			buildRules = (
			);
			dependencies = (
			);
			fileSystemSynchronizedGroups = (
				A088FB1921BF903B050983A5 /* LockedInWidgets */,
				2969AA92A4EC5B5B44EE7CC4 /* Shared */,
			);
			name = LockedInWidgets;
			packageProductDependencies = (
			);
			productName = LockedInWidgets;
			productReference = 2C65ACCD541B99C559BC8B01 /* LockedInWidgets.appex */;
			productType = "com.apple.product-type.app-extension";
		};
		5E8C7852A8748C813AB02C9E /* LockedIn */ = {
			isa = PBXNativeTarget;
			buildConfigurationList = DBAD727544D90ABEDCDF0C83 /* Build configuration list for PBXNativeTarget "LockedIn" */;
			buildPhases = (
				3C67D42E7EC15E21E801B1A7 /* Sources */,
				28113A6CE55896147D02AD83 /* Resources */,
				A4D705A46455F87B50CCCE5A /* Embed Foundation Extensions */,
			);
			buildRules = (
			);
			dependencies = (
				CC3C349AB25D10DB8F54A108 /* PBXTargetDependency */,
			);
			fileSystemSynchronizedGroups = (
				0939B280F4D6C9E315490EC3 /* LockedIn */,
				2969AA92A4EC5B5B44EE7CC4 /* Shared */,
			);
			name = LockedIn;
			packageProductDependencies = (
			);
			productName = LockedIn;
			productReference = C3FE82FEF1E096314DC257B2 /* LockedIn.app */;
			productType = "com.apple.product-type.application";
		};
		783E2D50631C4E319FD3AAEA /* LockedInTests */ = {
			isa = PBXNativeTarget;
			buildConfigurationList = 6ECC240624134E97F8844657 /* Build configuration list for PBXNativeTarget "LockedInTests" */;
			buildPhases = (
				6336B48E964A700F4575EBEB /* Sources */,
				B1D92825AA1E6CE69EDBB053 /* Resources */,
			);
			buildRules = (
			);
			dependencies = (
				2171C71D1FF753058740012B /* PBXTargetDependency */,
			);
			fileSystemSynchronizedGroups = (
				B9B74BF6FAC465EA5BFC4816 /* LockedInTests */,
			);
			name = LockedInTests;
			packageProductDependencies = (
			);
			productName = LockedInTests;
			productReference = B2FE7A21EDEC80BEAF18085A /* LockedInTests.xctest */;
			productType = "com.apple.product-type.bundle.unit-test";
		};
/* End PBXNativeTarget section */

/* Begin PBXProject section */
		724DBBC3C7CDCF273E77A71E /* Project object */ = {
			isa = PBXProject;
			attributes = {
				BuildIndependentTargetsInParallel = YES;
				LastUpgradeCheck = 1430;
				TargetAttributes = {
					39D008128917DDBB3B3F86C3 = {
						DevelopmentTeam = D8S82G8B68;
						ProvisioningStyle = Automatic;
					};
					5E8C7852A8748C813AB02C9E = {
						DevelopmentTeam = D8S82G8B68;
						ProvisioningStyle = Automatic;
					};
					783E2D50631C4E319FD3AAEA = {
						DevelopmentTeam = D8S82G8B68;
						ProvisioningStyle = Automatic;
					};
				};
			};
			buildConfigurationList = 76080CE0C4802709CA813A41 /* Build configuration list for PBXProject "LockedIn" */;
			developmentRegion = en;
			hasScannedForEncodings = 0;
			knownRegions = (
				Base,
				en,
			);
			mainGroup = AA05C48F21C3634D9EE98726;
			minimizedProjectReferenceProxies = 1;
			preferredProjectObjectVersion = 77;
			productRefGroup = FCDDA3B8943F5E34802488CF /* Products */;
			projectDirPath = "";
			projectRoot = "";
			targets = (
				5E8C7852A8748C813AB02C9E /* LockedIn */,
				39D008128917DDBB3B3F86C3 /* LockedInWidgets */,
				783E2D50631C4E319FD3AAEA /* LockedInTests */,
			);
		};
/* End PBXProject section */

/* Begin PBXResourcesBuildPhase section */
		28113A6CE55896147D02AD83 /* Resources */ = {
			isa = PBXResourcesBuildPhase;
			buildActionMask = 2147483647;
			files = (
			);
			runOnlyForDeploymentPostprocessing = 0;
		};
		B1D92825AA1E6CE69EDBB053 /* Resources */ = {
			isa = PBXResourcesBuildPhase;
			buildActionMask = 2147483647;
			files = (
			);
			runOnlyForDeploymentPostprocessing = 0;
		};
		E44A54316A32BA2A40C04CCD /* Resources */ = {
			isa = PBXResourcesBuildPhase;
			buildActionMask = 2147483647;
			files = (
			);
			runOnlyForDeploymentPostprocessing = 0;
		};
/* End PBXResourcesBuildPhase section */

/* Begin PBXSourcesBuildPhase section */
		3C67D42E7EC15E21E801B1A7 /* Sources */ = {
			isa = PBXSourcesBuildPhase;
			buildActionMask = 2147483647;
			files = (
			);
			runOnlyForDeploymentPostprocessing = 0;
		};
		6336B48E964A700F4575EBEB /* Sources */ = {
			isa = PBXSourcesBuildPhase;
			buildActionMask = 2147483647;
			files = (
			);
			runOnlyForDeploymentPostprocessing = 0;
		};
		B44AEE751254C9D77CA6B49B /* Sources */ = {
			isa = PBXSourcesBuildPhase;
			buildActionMask = 2147483647;
			files = (
			);
			runOnlyForDeploymentPostprocessing = 0;
		};
/* End PBXSourcesBuildPhase section */

/* Begin PBXTargetDependency section */
		2171C71D1FF753058740012B /* PBXTargetDependency */ = {
			isa = PBXTargetDependency;
			target = 5E8C7852A8748C813AB02C9E /* LockedIn */;
			targetProxy = 8A8DFC7765E4D3A0D5EF74B1 /* PBXContainerItemProxy */;
		};
		CC3C349AB25D10DB8F54A108 /* PBXTargetDependency */ = {
			isa = PBXTargetDependency;
			target = 39D008128917DDBB3B3F86C3 /* LockedInWidgets */;
			targetProxy = 49A56F7C9FA62A0CA840EA5C /* PBXContainerItemProxy */;
		};
/* End PBXTargetDependency section */

/* Begin XCBuildConfiguration section */
		3B4509B16326AC983B7A6817 /* Debug */ = {
			isa = XCBuildConfiguration;
			buildSettings = {
				BUNDLE_LOADER = "$(TEST_HOST)";
				GENERATE_INFOPLIST_FILE = YES;
				LD_RUNPATH_SEARCH_PATHS = (
					"$(inherited)",
					"@executable_path/Frameworks",
					"@loader_path/Frameworks",
				);
				PRODUCT_BUNDLE_IDENTIFIER = com.sainagamalla.lockedin.tests;
				SDKROOT = iphoneos;
				TARGETED_DEVICE_FAMILY = "1,2";
				TEST_HOST = "$(BUILT_PRODUCTS_DIR)/LockedIn.app/LockedIn";
			};
			name = Debug;
		};
		54A38DCE7187A2EE569B910B /* Release */ = {
			isa = XCBuildConfiguration;
			buildSettings = {
				INFOPLIST_FILE = "Config/LockedInWidgets-Info.plist";
				LD_RUNPATH_SEARCH_PATHS = (
					"$(inherited)",
					"@executable_path/Frameworks",
					"@executable_path/../../Frameworks",
				);
				PRODUCT_BUNDLE_IDENTIFIER = com.sainagamalla.lockedin.widgets;
				SDKROOT = iphoneos;
				SKIP_INSTALL = YES;
				TARGETED_DEVICE_FAMILY = "1,2";
			};
			name = Release;
		};
		B407B750447DDC16C3A32424 /* Debug */ = {
			isa = XCBuildConfiguration;
			buildSettings = {
				ASSETCATALOG_COMPILER_APPICON_NAME = AppIcon;
				ASSETCATALOG_COMPILER_GLOBAL_ACCENT_COLOR_NAME = AccentColor;
				CODE_SIGN_IDENTITY = "iPhone Developer";
				INFOPLIST_FILE = "Config/LockedIn-Info.plist";
				LD_RUNPATH_SEARCH_PATHS = (
					"$(inherited)",
					"@executable_path/Frameworks",
				);
				PRODUCT_BUNDLE_IDENTIFIER = com.sainagamalla.lockedin;
				SDKROOT = iphoneos;
				TARGETED_DEVICE_FAMILY = "1,2";
			};
			name = Debug;
		};
		BE2D3011F2355DFF183C4538 /* Release */ = {
			isa = XCBuildConfiguration;
			buildSettings = {
				BUNDLE_LOADER = "$(TEST_HOST)";
				GENERATE_INFOPLIST_FILE = YES;
				LD_RUNPATH_SEARCH_PATHS = (
					"$(inherited)",
					"@executable_path/Frameworks",
					"@loader_path/Frameworks",
				);
				PRODUCT_BUNDLE_IDENTIFIER = com.sainagamalla.lockedin.tests;
				SDKROOT = iphoneos;
				TARGETED_DEVICE_FAMILY = "1,2";
				TEST_HOST = "$(BUILT_PRODUCTS_DIR)/LockedIn.app/LockedIn";
			};
			name = Release;
		};
		C85722C1F3E213B02B7C74EF /* Release */ = {
			isa = XCBuildConfiguration;
			buildSettings = {
				ASSETCATALOG_COMPILER_APPICON_NAME = AppIcon;
				ASSETCATALOG_COMPILER_GLOBAL_ACCENT_COLOR_NAME = AccentColor;
				CODE_SIGN_IDENTITY = "iPhone Developer";
				INFOPLIST_FILE = "Config/LockedIn-Info.plist";
				LD_RUNPATH_SEARCH_PATHS = (
					"$(inherited)",
					"@executable_path/Frameworks",
				);
				PRODUCT_BUNDLE_IDENTIFIER = com.sainagamalla.lockedin;
				SDKROOT = iphoneos;
				TARGETED_DEVICE_FAMILY = "1,2";
			};
			name = Release;
		};
		EDF09911DDE8DFD7A87F8293 /* Debug */ = {
			isa = XCBuildConfiguration;
			buildSettings = {
				INFOPLIST_FILE = "Config/LockedInWidgets-Info.plist";
				LD_RUNPATH_SEARCH_PATHS = (
					"$(inherited)",
					"@executable_path/Frameworks",
					"@executable_path/../../Frameworks",
				);
				PRODUCT_BUNDLE_IDENTIFIER = com.sainagamalla.lockedin.widgets;
				SDKROOT = iphoneos;
				SKIP_INSTALL = YES;
				TARGETED_DEVICE_FAMILY = "1,2";
			};
			name = Debug;
		};
		F39872C6BE5D02B7FDE8B7AC /* Release */ = {
			isa = XCBuildConfiguration;
			buildSettings = {
				ALWAYS_SEARCH_USER_PATHS = NO;
				CLANG_ANALYZER_NONNULL = YES;
				CLANG_ANALYZER_NUMBER_OBJECT_CONVERSION = YES_AGGRESSIVE;
				CLANG_CXX_LANGUAGE_STANDARD = "gnu++14";
				CLANG_CXX_LIBRARY = "libc++";
				CLANG_ENABLE_MODULES = YES;
				CLANG_ENABLE_OBJC_ARC = YES;
				CLANG_ENABLE_OBJC_WEAK = YES;
				CLANG_WARN_BLOCK_CAPTURE_AUTORELEASING = YES;
				CLANG_WARN_BOOL_CONVERSION = YES;
				CLANG_WARN_COMMA = YES;
				CLANG_WARN_CONSTANT_CONVERSION = YES;
				CLANG_WARN_DEPRECATED_OBJC_IMPLEMENTATIONS = YES;
				CLANG_WARN_DIRECT_OBJC_ISA_USAGE = YES_ERROR;
				CLANG_WARN_DOCUMENTATION_COMMENTS = YES;
				CLANG_WARN_EMPTY_BODY = YES;
				CLANG_WARN_ENUM_CONVERSION = YES;
				CLANG_WARN_INFINITE_RECURSION = YES;
				CLANG_WARN_INT_CONVERSION = YES;
				CLANG_WARN_NON_LITERAL_NULL_CONVERSION = YES;
				CLANG_WARN_OBJC_IMPLICIT_RETAIN_SELF = YES;
				CLANG_WARN_OBJC_LITERAL_CONVERSION = YES;
				CLANG_WARN_OBJC_ROOT_CLASS = YES_ERROR;
				CLANG_WARN_QUOTED_INCLUDE_IN_FRAMEWORK_HEADER = YES;
				CLANG_WARN_RANGE_LOOP_ANALYSIS = YES;
				CLANG_WARN_STRICT_PROTOTYPES = YES;
				CLANG_WARN_SUSPICIOUS_MOVE = YES;
				CLANG_WARN_UNGUARDED_AVAILABILITY = YES_AGGRESSIVE;
				CLANG_WARN_UNREACHABLE_CODE = YES;
				CLANG_WARN__DUPLICATE_METHOD_MATCH = YES;
				CODE_SIGN_STYLE = Automatic;
				COPY_PHASE_STRIP = NO;
				CURRENT_PROJECT_VERSION = 1;
				DEBUG_INFORMATION_FORMAT = "dwarf-with-dsym";
				DEVELOPMENT_TEAM = D8S82G8B68;
				ENABLE_NS_ASSERTIONS = NO;
				ENABLE_PREVIEWS = YES;
				ENABLE_STRICT_OBJC_MSGSEND = YES;
				ENABLE_USER_SCRIPT_SANDBOXING = YES;
				GCC_C_LANGUAGE_STANDARD = gnu11;
				GCC_NO_COMMON_BLOCKS = YES;
				GCC_WARN_64_TO_32_BIT_CONVERSION = YES;
				GCC_WARN_ABOUT_RETURN_TYPE = YES_ERROR;
				GCC_WARN_UNDECLARED_SELECTOR = YES;
				GCC_WARN_UNINITIALIZED_AUTOS = YES_AGGRESSIVE;
				GCC_WARN_UNUSED_FUNCTION = YES;
				GCC_WARN_UNUSED_VARIABLE = YES;
				IPHONEOS_DEPLOYMENT_TARGET = 18.0;
				MARKETING_VERSION = 1.0;
				MTL_ENABLE_DEBUG_INFO = NO;
				MTL_FAST_MATH = YES;
				PRODUCT_NAME = "$(TARGET_NAME)";
				SDKROOT = iphoneos;
				SWIFT_APPROACHABLE_CONCURRENCY = YES;
				SWIFT_COMPILATION_MODE = wholemodule;
				SWIFT_DEFAULT_ACTOR_ISOLATION = MainActor;
				SWIFT_EMIT_LOC_STRINGS = YES;
				SWIFT_OPTIMIZATION_LEVEL = "-O";
				SWIFT_VERSION = 6.0;
				TARGETED_DEVICE_FAMILY = 1;
			};
			name = Release;
		};
		FA8195EDE89F7658827D0135 /* Debug */ = {
			isa = XCBuildConfiguration;
			buildSettings = {
				ALWAYS_SEARCH_USER_PATHS = NO;
				CLANG_ANALYZER_NONNULL = YES;
				CLANG_ANALYZER_NUMBER_OBJECT_CONVERSION = YES_AGGRESSIVE;
				CLANG_CXX_LANGUAGE_STANDARD = "gnu++14";
				CLANG_CXX_LIBRARY = "libc++";
				CLANG_ENABLE_MODULES = YES;
				CLANG_ENABLE_OBJC_ARC = YES;
				CLANG_ENABLE_OBJC_WEAK = YES;
				CLANG_WARN_BLOCK_CAPTURE_AUTORELEASING = YES;
				CLANG_WARN_BOOL_CONVERSION = YES;
				CLANG_WARN_COMMA = YES;
				CLANG_WARN_CONSTANT_CONVERSION = YES;
				CLANG_WARN_DEPRECATED_OBJC_IMPLEMENTATIONS = YES;
				CLANG_WARN_DIRECT_OBJC_ISA_USAGE = YES_ERROR;
				CLANG_WARN_DOCUMENTATION_COMMENTS = YES;
				CLANG_WARN_EMPTY_BODY = YES;
				CLANG_WARN_ENUM_CONVERSION = YES;
				CLANG_WARN_INFINITE_RECURSION = YES;
				CLANG_WARN_INT_CONVERSION = YES;
				CLANG_WARN_NON_LITERAL_NULL_CONVERSION = YES;
				CLANG_WARN_OBJC_IMPLICIT_RETAIN_SELF = YES;
				CLANG_WARN_OBJC_LITERAL_CONVERSION = YES;
				CLANG_WARN_OBJC_ROOT_CLASS = YES_ERROR;
				CLANG_WARN_QUOTED_INCLUDE_IN_FRAMEWORK_HEADER = YES;
				CLANG_WARN_RANGE_LOOP_ANALYSIS = YES;
				CLANG_WARN_STRICT_PROTOTYPES = YES;
				CLANG_WARN_SUSPICIOUS_MOVE = YES;
				CLANG_WARN_UNGUARDED_AVAILABILITY = YES_AGGRESSIVE;
				CLANG_WARN_UNREACHABLE_CODE = YES;
				CLANG_WARN__DUPLICATE_METHOD_MATCH = YES;
				CODE_SIGN_STYLE = Automatic;
				COPY_PHASE_STRIP = NO;
				CURRENT_PROJECT_VERSION = 1;
				DEBUG_INFORMATION_FORMAT = dwarf;
				DEVELOPMENT_TEAM = D8S82G8B68;
				ENABLE_PREVIEWS = YES;
				ENABLE_STRICT_OBJC_MSGSEND = YES;
				ENABLE_TESTABILITY = YES;
				ENABLE_USER_SCRIPT_SANDBOXING = YES;
				GCC_C_LANGUAGE_STANDARD = gnu11;
				GCC_DYNAMIC_NO_PIC = NO;
				GCC_NO_COMMON_BLOCKS = YES;
				GCC_OPTIMIZATION_LEVEL = 0;
				GCC_PREPROCESSOR_DEFINITIONS = (
					"$(inherited)",
					"DEBUG=1",
				);
				GCC_WARN_64_TO_32_BIT_CONVERSION = YES;
				GCC_WARN_ABOUT_RETURN_TYPE = YES_ERROR;
				GCC_WARN_UNDECLARED_SELECTOR = YES;
				GCC_WARN_UNINITIALIZED_AUTOS = YES_AGGRESSIVE;
				GCC_WARN_UNUSED_FUNCTION = YES;
				GCC_WARN_UNUSED_VARIABLE = YES;
				IPHONEOS_DEPLOYMENT_TARGET = 18.0;
				MARKETING_VERSION = 1.0;
				MTL_ENABLE_DEBUG_INFO = INCLUDE_SOURCE;
				MTL_FAST_MATH = YES;
				ONLY_ACTIVE_ARCH = YES;
				PRODUCT_NAME = "$(TARGET_NAME)";
				SDKROOT = iphoneos;
				SWIFT_ACTIVE_COMPILATION_CONDITIONS = DEBUG;
				SWIFT_APPROACHABLE_CONCURRENCY = YES;
				SWIFT_DEFAULT_ACTOR_ISOLATION = MainActor;
				SWIFT_EMIT_LOC_STRINGS = YES;
				SWIFT_OPTIMIZATION_LEVEL = "-Onone";
				SWIFT_VERSION = 6.0;
				TARGETED_DEVICE_FAMILY = 1;
			};
			name = Debug;
		};
/* End XCBuildConfiguration section */

/* Begin XCConfigurationList section */
		6ECC240624134E97F8844657 /* Build configuration list for PBXNativeTarget "LockedInTests" */ = {
			isa = XCConfigurationList;
			buildConfigurations = (
				3B4509B16326AC983B7A6817 /* Debug */,
				BE2D3011F2355DFF183C4538 /* Release */,
			);
			defaultConfigurationIsVisible = 0;
			defaultConfigurationName = Debug;
		};
		76080CE0C4802709CA813A41 /* Build configuration list for PBXProject "LockedIn" */ = {
			isa = XCConfigurationList;
			buildConfigurations = (
				FA8195EDE89F7658827D0135 /* Debug */,
				F39872C6BE5D02B7FDE8B7AC /* Release */,
			);
			defaultConfigurationIsVisible = 0;
			defaultConfigurationName = Debug;
		};
		771CA4FA3107AB14EEFDD88A /* Build configuration list for PBXNativeTarget "LockedInWidgets" */ = {
			isa = XCConfigurationList;
			buildConfigurations = (
				EDF09911DDE8DFD7A87F8293 /* Debug */,
				54A38DCE7187A2EE569B910B /* Release */,
			);
			defaultConfigurationIsVisible = 0;
			defaultConfigurationName = Debug;
		};
		DBAD727544D90ABEDCDF0C83 /* Build configuration list for PBXNativeTarget "LockedIn" */ = {
			isa = XCConfigurationList;
			buildConfigurations = (
				B407B750447DDC16C3A32424 /* Debug */,
				C85722C1F3E213B02B7C74EF /* Release */,
			);
			defaultConfigurationIsVisible = 0;
			defaultConfigurationName = Debug;
		};
/* End XCConfigurationList section */
	};
	rootObject = 724DBBC3C7CDCF273E77A71E /* Project object */;
}
